
Microsoft Visual Studio Solution File, Format Version 12.00
# Visual Studio Version 17
VisualStudioVersion = 17.0.31903.59
MinimumVisualStudioVersion = 10.0.40219.1
Project("{FAE04EC0-301F-11D3-BF4B-00C04F79EFBC}") = "API", "API\API.csproj", "{F0CC6501-6E30-413C-8B57-89A2B903393D}"
EndProject
Project("{FAE04EC0-301F-11D3-BF4B-00C04F79EFBC}") = "Domain", "Domain\Domain.csproj", "{FF2ED010-00D9-424D-A4E8-303E71EFF5E1}"
EndProject
Project("{FAE04EC0-301F-11D3-BF4B-00C04F79EFBC}") = "Application", "Application\Application.csproj", "{1FCEF039-61E1-4076-8744-90A981BAA2E0}"
EndProject
Project("{FAE04EC0-301F-11D3-BF4B-00C04F79EFBC}") = "Persistance", "Persistance\Persistance.csproj", "{F42A2FCF-37D9-4CFD-968C-D33723E4D7CF}"
EndProject
Global
	GlobalSection(SolutionConfigurationPlatforms) = preSolution
		Debug|Any CPU = Debug|Any CPU
		Debug|x64 = Debug|x64
		Debug|x86 = Debug|x86
		Release|Any CPU = Release|Any CPU
		Release|x64 = Release|x64
		Release|x86 = Release|x86
	EndGlobalSection
	GlobalSection(ProjectConfigurationPlatforms) = postSolution
		{F0CC6501-6E30-413C-8B57-89A2B903393D}.Debug|Any CPU.ActiveCfg = Debug|Any CPU
		{F0CC6501-6E30-413C-8B57-89A2B903393D}.Debug|Any CPU.Build.0 = Debug|Any CPU
		{F0CC6501-6E30-413C-8B57-89A2B903393D}.Debug|x64.ActiveCfg = Debug|Any CPU
		{F0CC6501-6E30-413C-8B57-89A2B903393D}.Debug|x64.Build.0 = Debug|Any CPU
		{F0CC6501-6E30-413C-8B57-89A2B903393D}.Debug|x86.ActiveCfg = Debug|Any CPU
		{F0CC6501-6E30-413C-8B57-89A2B903393D}.Debug|x86.Build.0 = Debug|Any CPU
		{F0CC6501-6E30-413C-8B57-89A2B903393D}.Release|Any CPU.ActiveCfg = Release|Any CPU
		{F0CC6501-6E30-413C-8B57-89A2B903393D}.Release|Any CPU.Build.0 = Release|Any CPU
		{F0CC6501-6E30-413C-8B57-89A2B903393D}.Release|x64.ActiveCfg = Release|Any CPU
		{F0CC6501-6E30-413C-8B57-89A2B903393D}.Release|x64.Build.0 = Release|Any CPU
		{F0CC6501-6E30-413C-8B57-89A2B903393D}.Release|x86.ActiveCfg = Release|Any CPU
		{F0CC6501-6E30-413C-8B57-89A2B903393D}.Release|x86.Build.0 = Release|Any CPU
		{FF2ED010-00D9-424D-A4E8-303E71EFF5E1}.Debug|Any CPU.ActiveCfg = Debug|Any CPU
		{FF2ED010-00D9-424D-A4E8-303E71EFF5E1}.Debug|Any CPU.Build.0 = Debug|Any CPU
		{FF2ED010-00D9-424D-A4E8-303E71EFF5E1}.Debug|x64.ActiveCfg = Debug|Any CPU
		{FF2ED010-00D9-424D-A4E8-303E71EFF5E1}.Debug|x64.Build.0 = Debug|Any CPU
		{FF2ED010-00D9-424D-A4E8-303E71EFF5E1}.Debug|x86.ActiveCfg = Debug|Any CPU
		{FF2ED010-00D9-424D-A4E8-303E71EFF5E1}.Debug|x86.Build.0 = Debug|Any CPU
		{FF2ED010-00D9-424D-A4E8-303E71EFF5E1}.Release|Any CPU.ActiveCfg = Release|Any CPU
		{FF2ED010-00D9-424D-A4E8-303E71EFF5E1}.Release|Any CPU.Build.0 = Release|Any CPU
		{FF2ED010-00D9-424D-A4E8-303E71EFF5E1}.Release|x64.ActiveCfg = Release|Any CPU
		{FF2ED010-00D9-424D-A4E8-303E71EFF5E1}.Release|x64.Build.0 = Release|Any CPU
		{FF2ED010-00D9-424D-A4E8-303E71EFF5E1}.Release|x86.ActiveCfg = Release|Any CPU
		{FF2ED010-00D9-424D-A4E8-303E71EFF5E1}.Release|x86.Build.0 = Release|Any CPU
		{1FCEF039-61E1-4076-8744-90A981BAA2E0}.Debug|Any CPU.ActiveCfg = Debug|Any CPU
		{1FCEF039-61E1-4076-8744-90A981BAA2E0}.Debug|Any CPU.Build.0 = Debug|Any CPU
		{1FCEF039-61E1-4076-8744-90A981BAA2E0}.Debug|x64.ActiveCfg = Debug|Any CPU
		{1FCEF039-61E1-4076-8744-90A981BAA2E0}.Debug|x64.Build.0 = Debug|Any CPU
		{1FCEF039-61E1-4076-8744-90A981BAA2E0}.Debug|x86.ActiveCfg = Debug|Any CPU
		{1FCEF039-61E1-4076-8744-90A981BAA2E0}.Debug|x86.Build.0 = Debug|Any CPU
		{1FCEF039-61E1-4076-8744-90A981BAA2E0}.Release|Any CPU.ActiveCfg = Release|Any CPU
		{1FCEF039-61E1-4076-8744-90A981BAA2E0}.Release|Any CPU.Build.0 = Release|Any CPU
		{1FCEF039-61E1-4076-8744-90A981BAA2E0}.Release|x64.ActiveCfg = Release|Any CPU
		{1FCEF039-61E1-4076-8744-90A981BAA2E0}.Release|x64.Build.0 = Release|Any CPU
		{1FCEF039-61E1-4076-8744-90A981BAA2E0}.Release|x86.ActiveCfg = Release|Any CPU
		{1FCEF039-61E1-4076-8744-90A981BAA2E0}.Release|x86.Build.0 = Release|Any CPU
		{F42A2FCF-37D9-4CFD-968C-D33723E4D7CF}.Debug|Any CPU.ActiveCfg = Debug|Any CPU
		{F42A2FCF-37D9-4CFD-968C-D33723E4D7CF}.Debug|Any CPU.Build.0 = Debug|Any CPU
		{F42A2FCF-37D9-4CFD-968C-D33723E4D7CF}.Debug|x64.ActiveCfg = Debug|Any CPU
		{F42A2FCF-37D9-4CFD-968C-D33723E4D7CF}.Debug|x64.Build.0 = Debug|Any CPU
		{F42A2FCF-37D9-4CFD-968C-D33723E4D7CF}.Debug|x86.ActiveCfg = Debug|Any CPU
		{F42A2FCF-37D9-4CFD-968C-D33723E4D7CF}.Debug|x86.Build.0 = Debug|Any CPU
		{F42A2FCF-37D9-4CFD-968C-D33723E4D7CF}.Release|Any CPU.ActiveCfg = Release|Any CPU
		{F42A2FCF-37D9-4CFD-968C-D33723E4D7CF}.Release|Any CPU.Build.0 = Release|Any CPU
		{F42A2FCF-37D9-4CFD-968C-D33723E4D7CF}.Release|x64.ActiveCfg = Release|Any CPU
		{F42A2FCF-37D9-4CFD-968C-D33723E4D7CF}.Release|x64.Build.0 = Release|Any CPU
		{F42A2FCF-37D9-4CFD-968C-D33723E4D7CF}.Release|x86.ActiveCfg = Release|Any CPU
		{F42A2FCF-37D9-4CFD-968C-D33723E4D7CF}.Release|x86.Build.0 = Release|Any CPU
	EndGlobalSection
	GlobalSection(SolutionProperties) = preSolution
		HideSolutionNode = FALSE
	EndGlobalSection
EndGlobal
